
Microsoft Visual Studio Solution File, Format Version 12.00
# Visual Studio Version 17
VisualStudioVersion = 17.0.31903.59
MinimumVisualStudioVersion = 10.0.40219.1
Project("{2150E333-8FDC-42A3-9474-1A3956D46DE8}") = "src", "src", "{827E0CD3-B72D-47B6-A68D-7590B98EB39B}"
EndProject
Project("{FAE04EC0-301F-11D3-BF4B-00C04F79EFBC}") = "Plantry.SharedKernel", "src\Plantry.SharedKernel\Plantry.SharedKernel.csproj", "{C9D9EDD2-59C7-4942-B8CD-AD3057F5411B}"
EndProject
Project("{FAE04EC0-301F-11D3-BF4B-00C04F79EFBC}") = "Plantry.Identity", "src\Plantry.Identity\Plantry.Identity.csproj", "{81BAD1F6-08B5-429A-B3A5-94B5E2BDC278}"
EndProject
Project("{FAE04EC0-301F-11D3-BF4B-00C04F79EFBC}") = "Plantry.Identity.Infrastructure", "src\Plantry.Identity.Infrastructure\Plantry.Identity.Infrastructure.csproj", "{13C435E4-3D6E-481E-ACAE-DF64F0DC685B}"
EndProject
Project("{FAE04EC0-301F-11D3-BF4B-00C04F79EFBC}") = "Plantry.Catalog", "src\Plantry.Catalog\Plantry.Catalog.csproj", "{D540B095-19A9-4BE4-A3E9-EF0FF5DC7771}"
EndProject
Project("{FAE04EC0-301F-11D3-BF4B-00C04F79EFBC}") = "Plantry.Catalog.Infrastructure", "src\Plantry.Catalog.Infrastructure\Plantry.Catalog.Infrastructure.csproj", "{EF99CE70-60E1-47A9-A8F6-96281E8D38CF}"
EndProject
Project("{FAE04EC0-301F-11D3-BF4B-00C04F79EFBC}") = "Plantry.Inventory", "src\Plantry.Inventory\Plantry.Inventory.csproj", "{7A409899-7DC3-4F10-B6AC-6F700B2813F9}"
EndProject
Project("{FAE04EC0-301F-11D3-BF4B-00C04F79EFBC}") = "Plantry.Inventory.Infrastructure", "src\Plantry.Inventory.Infrastructure\Plantry.Inventory.Infrastructure.csproj", "{A2A13CD1-C3D9-498C-9C76-66AEF076B497}"
EndProject
Project("{FAE04EC0-301F-11D3-BF4B-00C04F79EFBC}") = "Plantry.Pricing", "src\Plantry.Pricing\Plantry.Pricing.csproj", "{E122E976-BD0B-4753-BC73-E06B6ED6BBEF}"
EndProject
Project("{FAE04EC0-301F-11D3-BF4B-00C04F79EFBC}") = "Plantry.Pricing.Infrastructure", "src\Plantry.Pricing.Infrastructure\Plantry.Pricing.Infrastructure.csproj", "{A2C5A374-071D-4A66-8868-16771A08F602}"
EndProject
Project("{FAE04EC0-301F-11D3-BF4B-00C04F79EFBC}") = "Plantry.Shopping", "src\Plantry.Shopping\Plantry.Shopping.csproj", "{83DAF7B8-FDB0-40DB-82D0-024352E41708}"
EndProject
Project("{FAE04EC0-301F-11D3-BF4B-00C04F79EFBC}") = "Plantry.Shopping.Infrastructure", "src\Plantry.Shopping.Infrastructure\Plantry.Shopping.Infrastructure.csproj", "{D55E35C1-AE17-4700-AF3D-E4F7955D83CA}"
EndProject
Project("{FAE04EC0-301F-11D3-BF4B-00C04F79EFBC}") = "Plantry.Intake", "src\Plantry.Intake\Plantry.Intake.csproj", "{C2369561-DC18-4290-B714-F001C14B1390}"
EndProject
Project("{FAE04EC0-301F-11D3-BF4B-00C04F79EFBC}") = "Plantry.Intake.Infrastructure", "src\Plantry.Intake.Infrastructure\Plantry.Intake.Infrastructure.csproj", "{F15E738E-6692-4AF9-9967-2A05150B2057}"
EndProject
Project("{FAE04EC0-301F-11D3-BF4B-00C04F79EFBC}") = "Plantry.Web", "src\Plantry.Web\Plantry.Web.csproj", "{F0F0F379-0E46-4367-BCD8-BC5417CABE84}"
EndProject
Project("{FAE04EC0-301F-11D3-BF4B-00C04F79EFBC}") = "Plantry.AppHost", "src\Plantry.AppHost\Plantry.AppHost.csproj", "{5823AC59-3331-4306-85ED-2D1DE6BE6C86}"
EndProject
Project("{FAE04EC0-301F-11D3-BF4B-00C04F79EFBC}") = "Plantry.ServiceDefaults", "src\Plantry.ServiceDefaults\Plantry.ServiceDefaults.csproj", "{884E77A3-DA4F-4D0E-B407-24D7C4DF52B6}"
EndProject
Project("{FAE04EC0-301F-11D3-BF4B-00C04F79EFBC}") = "Plantry.Tests.Unit", "tests\Plantry.Tests.Unit\Plantry.Tests.Unit.csproj", "{A76CC349-F9DC-472D-AF11-8F83C00D3982}"
EndProject
Project("{FAE04EC0-301F-11D3-BF4B-00C04F79EFBC}") = "Plantry.Tests.Integration", "tests\Plantry.Tests.Integration\Plantry.Tests.Integration.csproj", "{47BF267F-53B2-4B51-A72B-195112D5EA23}"
EndProject
Project("{FAE04EC0-301F-11D3-BF4B-00C04F79EFBC}") = "Plantry.Tests.Architecture", "tests\Plantry.Tests.Architecture\Plantry.Tests.Architecture.csproj", "{5D7B1058-A59B-4A01-A731-DBCD3A02C02B}"
EndProject
Project("{FAE04EC0-301F-11D3-BF4B-00C04F79EFBC}") = "Plantry.Tests.E2E", "tests\Plantry.Tests.E2E\Plantry.Tests.E2E.csproj", "{A3FD0A02-98F7-40BE-88C8-D84B293746C5}"
EndProject
Project("{FAE04EC0-301F-11D3-BF4B-00C04F79EFBC}") = "Plantry.Tests.Web", "tests\Plantry.Tests.Web\Plantry.Tests.Web.csproj", "{B8E1C2D3-4F5A-6B7C-8D9E-0A1B2C3D4E5F}"
EndProject
Project("{FAE04EC0-301F-11D3-BF4B-00C04F79EFBC}") = "Plantry.Recipes", "src\Plantry.Recipes\Plantry.Recipes.csproj", "{A223AC88-2E1C-4C30-A920-F596F239DA1A}"
EndProject
Project("{FAE04EC0-301F-11D3-BF4B-00C04F79EFBC}") = "Plantry.Recipes.Infrastructure", "src\Plantry.Recipes.Infrastructure\Plantry.Recipes.Infrastructure.csproj", "{5E6EE901-D13D-4BAD-A7F4-17CA74CCA967}"
EndProject
Project("{FAE04EC0-301F-11D3-BF4B-00C04F79EFBC}") = "Plantry.MealPlanning", "src\Plantry.MealPlanning\Plantry.MealPlanning.csproj", "{1A2B3C4D-5E6F-7A8B-9C0D-1E2F3A4B5C6D}"
EndProject
Project("{FAE04EC0-301F-11D3-BF4B-00C04F79EFBC}") = "Plantry.MealPlanning.Infrastructure", "src\Plantry.MealPlanning.Infrastructure\Plantry.MealPlanning.Infrastructure.csproj", "{2B3C4D5E-6F7A-8B9C-0D1E-2F3A4B5C6D7E}"
EndProject
Project("{FAE04EC0-301F-11D3-BF4B-00C04F79EFBC}") = "Plantry.Migration.Grocy", "src\Plantry.Migration.Grocy\Plantry.Migration.Grocy.csproj", "{0921406A-BC62-46ED-8286-D8F3D67FEBE2}"
EndProject
Project("{FAE04EC0-301F-11D3-BF4B-00C04F79EFBC}") = "Plantry.Migrator", "src\Plantry.Migrator\Plantry.Migrator.csproj", "{3C4D5E6F-7A8B-9C0D-1E2F-3A4B5C6D7E8F}"
EndProject
Project("{FAE04EC0-301F-11D3-BF4B-00C04F79EFBC}") = "Plantry.Deals", "src\Plantry.Deals\Plantry.Deals.csproj", "{D88549BF-71F5-4C87-886D-4888CE752F36}"
EndProject
Project("{FAE04EC0-301F-11D3-BF4B-00C04F79EFBC}") = "Plantry.Deals.Infrastructure", "src\Plantry.Deals.Infrastructure\Plantry.Deals.Infrastructure.csproj", "{CA1FC471-34D2-4BE7-8EBE-811735BCCBD1}"
EndProject
Project("{FAE04EC0-301F-11D3-BF4B-00C04F79EFBC}") = "Plantry.Ai.Infrastructure", "src\Plantry.Ai.Infrastructure\Plantry.Ai.Infrastructure.csproj", "{32518C53-C53F-49C4-BF76-FE34A32EB558}"
EndProject
Project("{FAE04EC0-301F-11D3-BF4B-00C04F79EFBC}") = "Plantry.Composition", "src\Plantry.Composition\Plantry.Composition.csproj", "{30762A5C-8ECD-466C-9CC8-FAA62871127C}"
EndProject
Global
	GlobalSection(SolutionConfigurationPlatforms) = preSolution
		Debug|Any CPU = Debug|Any CPU
		Debug|x64 = Debug|x64
		Debug|x86 = Debug|x86
		Release|Any CPU = Release|Any CPU
		Release|x64 = Release|x64
		Release|x86 = Release|x86
	EndGlobalSection
	GlobalSection(ProjectConfigurationPlatforms) = postSolution
		{C9D9EDD2-59C7-4942-B8CD-AD3057F5411B}.Debug|Any CPU.ActiveCfg = Debug|Any CPU
		{C9D9EDD2-59C7-4942-B8CD-AD3057F5411B}.Debug|Any CPU.Build.0 = Debug|Any CPU
		{C9D9EDD2-59C7-4942-B8CD-AD3057F5411B}.Debug|x64.ActiveCfg = Debug|Any CPU
		{C9D9EDD2-59C7-4942-B8CD-AD3057F5411B}.Debug|x64.Build.0 = Debug|Any CPU
		{C9D9EDD2-59C7-4942-B8CD-AD3057F5411B}.Debug|x86.ActiveCfg = Debug|Any CPU
		{C9D9EDD2-59C7-4942-B8CD-AD3057F5411B}.Debug|x86.Build.0 = Debug|Any CPU
		{C9D9EDD2-59C7-4942-B8CD-AD3057F5411B}.Release|Any CPU.ActiveCfg = Release|Any CPU
		{C9D9EDD2-59C7-4942-B8CD-AD3057F5411B}.Release|Any CPU.Build.0 = Release|Any CPU
		{C9D9EDD2-59C7-4942-B8CD-AD3057F5411B}.Release|x64.ActiveCfg = Release|Any CPU
		{C9D9EDD2-59C7-4942-B8CD-AD3057F5411B}.Release|x64.Build.0 = Release|Any CPU
		{C9D9EDD2-59C7-4942-B8CD-AD3057F5411B}.Release|x86.ActiveCfg = Release|Any CPU
		{C9D9EDD2-59C7-4942-B8CD-AD3057F5411B}.Release|x86.Build.0 = Release|Any CPU
		{81BAD1F6-08B5-429A-B3A5-94B5E2BDC278}.Debug|Any CPU.ActiveCfg = Debug|Any CPU
		{81BAD1F6-08B5-429A-B3A5-94B5E2BDC278}.Debug|Any CPU.Build.0 = Debug|Any CPU
		{81BAD1F6-08B5-429A-B3A5-94B5E2BDC278}.Debug|x64.ActiveCfg = Debug|Any CPU
		{81BAD1F6-08B5-429A-B3A5-94B5E2BDC278}.Debug|x64.Build.0 = Debug|Any CPU
		{81BAD1F6-08B5-429A-B3A5-94B5E2BDC278}.Debug|x86.ActiveCfg = Debug|Any CPU
		{81BAD1F6-08B5-429A-B3A5-94B5E2BDC278}.Debug|x86.Build.0 = Debug|Any CPU
		{81BAD1F6-08B5-429A-B3A5-94B5E2BDC278}.Release|Any CPU.ActiveCfg = Release|Any CPU
		{81BAD1F6-08B5-429A-B3A5-94B5E2BDC278}.Release|Any CPU.Build.0 = Release|Any CPU
		{81BAD1F6-08B5-429A-B3A5-94B5E2BDC278}.Release|x64.ActiveCfg = Release|Any CPU
		{81BAD1F6-08B5-429A-B3A5-94B5E2BDC278}.Release|x64.Build.0 = Release|Any CPU
		{81BAD1F6-08B5-429A-B3A5-94B5E2BDC278}.Release|x86.ActiveCfg = Release|Any CPU
		{81BAD1F6-08B5-429A-B3A5-94B5E2BDC278}.Release|x86.Build.0 = Release|Any CPU
		{13C435E4-3D6E-481E-ACAE-DF64F0DC685B}.Debug|Any CPU.ActiveCfg = Debug|Any CPU
		{13C435E4-3D6E-481E-ACAE-DF64F0DC685B}.Debug|Any CPU.Build.0 = Debug|Any CPU
		{13C435E4-3D6E-481E-ACAE-DF64F0DC685B}.Debug|x64.ActiveCfg = Debug|Any CPU
		{13C435E4-3D6E-481E-ACAE-DF64F0DC685B}.Debug|x64.Build.0 = Debug|Any CPU
		{13C435E4-3D6E-481E-ACAE-DF64F0DC685B}.Debug|x86.ActiveCfg = Debug|Any CPU
		{13C435E4-3D6E-481E-ACAE-DF64F0DC685B}.Debug|x86.Build.0 = Debug|Any CPU
		{13C435E4-3D6E-481E-ACAE-DF64F0DC685B}.Release|Any CPU.ActiveCfg = Release|Any CPU
		{13C435E4-3D6E-481E-ACAE-DF64F0DC685B}.Release|Any CPU.Build.0 = Release|Any CPU
		{13C435E4-3D6E-481E-ACAE-DF64F0DC685B}.Release|x64.ActiveCfg = Release|Any CPU
		{13C435E4-3D6E-481E-ACAE-DF64F0DC685B}.Release|x64.Build.0 = Release|Any CPU
		{13C435E4-3D6E-481E-ACAE-DF64F0DC685B}.Release|x86.ActiveCfg = Release|Any CPU
		{13C435E4-3D6E-481E-ACAE-DF64F0DC685B}.Release|x86.Build.0 = Release|Any CPU
		{D540B095-19A9-4BE4-A3E9-EF0FF5DC7771}.Debug|Any CPU.ActiveCfg = Debug|Any CPU
		{D540B095-19A9-4BE4-A3E9-EF0FF5DC7771}.Debug|Any CPU.Build.0 = Debug|Any CPU
		{D540B095-19A9-4BE4-A3E9-EF0FF5DC7771}.Debug|x64.ActiveCfg = Debug|Any CPU
		{D540B095-19A9-4BE4-A3E9-EF0FF5DC7771}.Debug|x64.Build.0 = Debug|Any CPU
		{D540B095-19A9-4BE4-A3E9-EF0FF5DC7771}.Debug|x86.ActiveCfg = Debug|Any CPU
		{D540B095-19A9-4BE4-A3E9-EF0FF5DC7771}.Debug|x86.Build.0 = Debug|Any CPU
		{D540B095-19A9-4BE4-A3E9-EF0FF5DC7771}.Release|Any CPU.ActiveCfg = Release|Any CPU
		{D540B095-19A9-4BE4-A3E9-EF0FF5DC7771}.Release|Any CPU.Build.0 = Release|Any CPU
		{D540B095-19A9-4BE4-A3E9-EF0FF5DC7771}.Release|x64.ActiveCfg = Release|Any CPU
		{D540B095-19A9-4BE4-A3E9-EF0FF5DC7771}.Release|x64.Build.0 = Release|Any CPU
		{D540B095-19A9-4BE4-A3E9-EF0FF5DC7771}.Release|x86.ActiveCfg = Release|Any CPU
		{D540B095-19A9-4BE4-A3E9-EF0FF5DC7771}.Release|x86.Build.0 = Release|Any CPU
		{EF99CE70-60E1-47A9-A8F6-96281E8D38CF}.Debug|Any CPU.ActiveCfg = Debug|Any CPU
		{EF99CE70-60E1-47A9-A8F6-96281E8D38CF}.Debug|Any CPU.Build.0 = Debug|Any CPU
		{EF99CE70-60E1-47A9-A8F6-96281E8D38CF}.Debug|x64.ActiveCfg = Debug|Any CPU
		{EF99CE70-60E1-47A9-A8F6-96281E8D38CF}.Debug|x64.Build.0 = Debug|Any CPU
		{EF99CE70-60E1-47A9-A8F6-96281E8D38CF}.Debug|x86.ActiveCfg = Debug|Any CPU
		{EF99CE70-60E1-47A9-A8F6-96281E8D38CF}.Debug|x86.Build.0 = Debug|Any CPU
		{EF99CE70-60E1-47A9-A8F6-96281E8D38CF}.Release|Any CPU.ActiveCfg = Release|Any CPU
		{EF99CE70-60E1-47A9-A8F6-96281E8D38CF}.Release|Any CPU.Build.0 = Release|Any CPU
		{EF99CE70-60E1-47A9-A8F6-96281E8D38CF}.Release|x64.ActiveCfg = Release|Any CPU
		{EF99CE70-60E1-47A9-A8F6-96281E8D38CF}.Release|x64.Build.0 = Release|Any CPU
		{EF99CE70-60E1-47A9-A8F6-96281E8D38CF}.Release|x86.ActiveCfg = Release|Any CPU
		{EF99CE70-60E1-47A9-A8F6-96281E8D38CF}.Release|x86.Build.0 = Release|Any CPU
		{7A409899-7DC3-4F10-B6AC-6F700B2813F9}.Debug|Any CPU.ActiveCfg = Debug|Any CPU
		{7A409899-7DC3-4F10-B6AC-6F700B2813F9}.Debug|Any CPU.Build.0 = Debug|Any CPU
		{7A409899-7DC3-4F10-B6AC-6F700B2813F9}.Debug|x64.ActiveCfg = Debug|Any CPU
		{7A409899-7DC3-4F10-B6AC-6F700B2813F9}.Debug|x64.Build.0 = Debug|Any CPU
		{7A409899-7DC3-4F10-B6AC-6F700B2813F9}.Debug|x86.ActiveCfg = Debug|Any CPU
		{7A409899-7DC3-4F10-B6AC-6F700B2813F9}.Debug|x86.Build.0 = Debug|Any CPU
		{7A409899-7DC3-4F10-B6AC-6F700B2813F9}.Release|Any CPU.ActiveCfg = Release|Any CPU
		{7A409899-7DC3-4F10-B6AC-6F700B2813F9}.Release|Any CPU.Build.0 = Release|Any CPU
		{7A409899-7DC3-4F10-B6AC-6F700B2813F9}.Release|x64.ActiveCfg = Release|Any CPU
		{7A409899-7DC3-4F10-B6AC-6F700B2813F9}.Release|x64.Build.0 = Release|Any CPU
		{7A409899-7DC3-4F10-B6AC-6F700B2813F9}.Release|x86.ActiveCfg = Release|Any CPU
		{7A409899-7DC3-4F10-B6AC-6F700B2813F9}.Release|x86.Build.0 = Release|Any CPU
		{A2A13CD1-C3D9-498C-9C76-66AEF076B497}.Debug|Any CPU.ActiveCfg = Debug|Any CPU
		{A2A13CD1-C3D9-498C-9C76-66AEF076B497}.Debug|Any CPU.Build.0 = Debug|Any CPU
		{A2A13CD1-C3D9-498C-9C76-66AEF076B497}.Debug|x64.ActiveCfg = Debug|Any CPU
		{A2A13CD1-C3D9-498C-9C76-66AEF076B497}.Debug|x64.Build.0 = Debug|Any CPU
		{A2A13CD1-C3D9-498C-9C76-66AEF076B497}.Debug|x86.ActiveCfg = Debug|Any CPU
		{A2A13CD1-C3D9-498C-9C76-66AEF076B497}.Debug|x86.Build.0 = Debug|Any CPU
		{A2A13CD1-C3D9-498C-9C76-66AEF076B497}.Release|Any CPU.ActiveCfg = Release|Any CPU
		{A2A13CD1-C3D9-498C-9C76-66AEF076B497}.Release|Any CPU.Build.0 = Release|Any CPU
		{A2A13CD1-C3D9-498C-9C76-66AEF076B497}.Release|x64.ActiveCfg = Release|Any CPU
		{A2A13CD1-C3D9-498C-9C76-66AEF076B497}.Release|x64.Build.0 = Release|Any CPU
		{A2A13CD1-C3D9-498C-9C76-66AEF076B497}.Release|x86.ActiveCfg = Release|Any CPU
		{A2A13CD1-C3D9-498C-9C76-66AEF076B497}.Release|x86.Build.0 = Release|Any CPU
		{E122E976-BD0B-4753-BC73-E06B6ED6BBEF}.Debug|Any CPU.ActiveCfg = Debug|Any CPU
		{E122E976-BD0B-4753-BC73-E06B6ED6BBEF}.Debug|Any CPU.Build.0 = Debug|Any CPU
		{E122E976-BD0B-4753-BC73-E06B6ED6BBEF}.Debug|x64.ActiveCfg = Debug|Any CPU
		{E122E976-BD0B-4753-BC73-E06B6ED6BBEF}.Debug|x64.Build.0 = Debug|Any CPU
		{E122E976-BD0B-4753-BC73-E06B6ED6BBEF}.Debug|x86.ActiveCfg = Debug|Any CPU
		{E122E976-BD0B-4753-BC73-E06B6ED6BBEF}.Debug|x86.Build.0 = Debug|Any CPU
		{E122E976-BD0B-4753-BC73-E06B6ED6BBEF}.Release|Any CPU.ActiveCfg = Release|Any CPU
		{E122E976-BD0B-4753-BC73-E06B6ED6BBEF}.Release|Any CPU.Build.0 = Release|Any CPU
		{E122E976-BD0B-4753-BC73-E06B6ED6BBEF}.Release|x64.ActiveCfg = Release|Any CPU
		{E122E976-BD0B-4753-BC73-E06B6ED6BBEF}.Release|x64.Build.0 = Release|Any CPU
		{E122E976-BD0B-4753-BC73-E06B6ED6BBEF}.Release|x86.ActiveCfg = Release|Any CPU
		{E122E976-BD0B-4753-BC73-E06B6ED6BBEF}.Release|x86.Build.0 = Release|Any CPU
		{A2C5A374-071D-4A66-8868-16771A08F602}.Debug|Any CPU.ActiveCfg = Debug|Any CPU
		{A2C5A374-071D-4A66-8868-16771A08F602}.Debug|Any CPU.Build.0 = Debug|Any CPU
		{A2C5A374-071D-4A66-8868-16771A08F602}.Debug|x64.ActiveCfg = Debug|Any CPU
		{A2C5A374-071D-4A66-8868-16771A08F602}.Debug|x64.Build.0 = Debug|Any CPU
		{A2C5A374-071D-4A66-8868-16771A08F602}.Debug|x86.ActiveCfg = Debug|Any CPU
		{A2C5A374-071D-4A66-8868-16771A08F602}.Debug|x86.Build.0 = Debug|Any CPU
		{A2C5A374-071D-4A66-8868-16771A08F602}.Release|Any CPU.ActiveCfg = Release|Any CPU
		{A2C5A374-071D-4A66-8868-16771A08F602}.Release|Any CPU.Build.0 = Release|Any CPU
		{A2C5A374-071D-4A66-8868-16771A08F602}.Release|x64.ActiveCfg = Release|Any CPU
		{A2C5A374-071D-4A66-8868-16771A08F602}.Release|x64.Build.0 = Release|Any CPU
		{A2C5A374-071D-4A66-8868-16771A08F602}.Release|x86.ActiveCfg = Release|Any CPU
		{A2C5A374-071D-4A66-8868-16771A08F602}.Release|x86.Build.0 = Release|Any CPU
		{83DAF7B8-FDB0-40DB-82D0-024352E41708}.Debug|Any CPU.ActiveCfg = Debug|Any CPU
		{83DAF7B8-FDB0-40DB-82D0-024352E41708}.Debug|Any CPU.Build.0 = Debug|Any CPU
		{83DAF7B8-FDB0-40DB-82D0-024352E41708}.Debug|x64.ActiveCfg = Debug|Any CPU
		{83DAF7B8-FDB0-40DB-82D0-024352E41708}.Debug|x64.Build.0 = Debug|Any CPU
		{83DAF7B8-FDB0-40DB-82D0-024352E41708}.Debug|x86.ActiveCfg = Debug|Any CPU
		{83DAF7B8-FDB0-40DB-82D0-024352E41708}.Debug|x86.Build.0 = Debug|Any CPU
		{83DAF7B8-FDB0-40DB-82D0-024352E41708}.Release|Any CPU.ActiveCfg = Release|Any CPU
		{83DAF7B8-FDB0-40DB-82D0-024352E41708}.Release|Any CPU.Build.0 = Release|Any CPU
		{83DAF7B8-FDB0-40DB-82D0-024352E41708}.Release|x64.ActiveCfg = Release|Any CPU
		{83DAF7B8-FDB0-40DB-82D0-024352E41708}.Release|x64.Build.0 = Release|Any CPU
		{83DAF7B8-FDB0-40DB-82D0-024352E41708}.Release|x86.ActiveCfg = Release|Any CPU
		{83DAF7B8-FDB0-40DB-82D0-024352E41708}.Release|x86.Build.0 = Release|Any CPU
		{D55E35C1-AE17-4700-AF3D-E4F7955D83CA}.Debug|Any CPU.ActiveCfg = Debug|Any CPU
		{D55E35C1-AE17-4700-AF3D-E4F7955D83CA}.Debug|Any CPU.Build.0 = Debug|Any CPU
		{D55E35C1-AE17-4700-AF3D-E4F7955D83CA}.Debug|x64.ActiveCfg = Debug|Any CPU
		{D55E35C1-AE17-4700-AF3D-E4F7955D83CA}.Debug|x64.Build.0 = Debug|Any CPU
		{D55E35C1-AE17-4700-AF3D-E4F7955D83CA}.Debug|x86.ActiveCfg = Debug|Any CPU
		{D55E35C1-AE17-4700-AF3D-E4F7955D83CA}.Debug|x86.Build.0 = Debug|Any CPU
		{D55E35C1-AE17-4700-AF3D-E4F7955D83CA}.Release|Any CPU.ActiveCfg = Release|Any CPU
		{D55E35C1-AE17-4700-AF3D-E4F7955D83CA}.Release|Any CPU.Build.0 = Release|Any CPU
		{D55E35C1-AE17-4700-AF3D-E4F7955D83CA}.Release|x64.ActiveCfg = Release|Any CPU
		{D55E35C1-AE17-4700-AF3D-E4F7955D83CA}.Release|x64.Build.0 = Release|Any CPU
		{D55E35C1-AE17-4700-AF3D-E4F7955D83CA}.Release|x86.ActiveCfg = Release|Any CPU
		{D55E35C1-AE17-4700-AF3D-E4F7955D83CA}.Release|x86.Build.0 = Release|Any CPU
		{C2369561-DC18-4290-B714-F001C14B1390}.Debug|Any CPU.ActiveCfg = Debug|Any CPU
		{C2369561-DC18-4290-B714-F001C14B1390}.Debug|Any CPU.Build.0 = Debug|Any CPU
		{C2369561-DC18-4290-B714-F001C14B1390}.Debug|x64.ActiveCfg = Debug|Any CPU
		{C2369561-DC18-4290-B714-F001C14B1390}.Debug|x64.Build.0 = Debug|Any CPU
		{C2369561-DC18-4290-B714-F001C14B1390}.Debug|x86.ActiveCfg = Debug|Any CPU
		{C2369561-DC18-4290-B714-F001C14B1390}.Debug|x86.Build.0 = Debug|Any CPU
		{C2369561-DC18-4290-B714-F001C14B1390}.Release|Any CPU.ActiveCfg = Release|Any CPU
		{C2369561-DC18-4290-B714-F001C14B1390}.Release|Any CPU.Build.0 = Release|Any CPU
		{C2369561-DC18-4290-B714-F001C14B1390}.Release|x64.ActiveCfg = Release|Any CPU
		{C2369561-DC18-4290-B714-F001C14B1390}.Release|x64.Build.0 = Release|Any CPU
		{C2369561-DC18-4290-B714-F001C14B1390}.Release|x86.ActiveCfg = Release|Any CPU
		{C2369561-DC18-4290-B714-F001C14B1390}.Release|x86.Build.0 = Release|Any CPU
		{F15E738E-6692-4AF9-9967-2A05150B2057}.Debug|Any CPU.ActiveCfg = Debug|Any CPU
		{F15E738E-6692-4AF9-9967-2A05150B2057}.Debug|Any CPU.Build.0 = Debug|Any CPU
		{F15E738E-6692-4AF9-9967-2A05150B2057}.Debug|x64.ActiveCfg = Debug|Any CPU
		{F15E738E-6692-4AF9-9967-2A05150B2057}.Debug|x64.Build.0 = Debug|Any CPU
		{F15E738E-6692-4AF9-9967-2A05150B2057}.Debug|x86.ActiveCfg = Debug|Any CPU
		{F15E738E-6692-4AF9-9967-2A05150B2057}.Debug|x86.Build.0 = Debug|Any CPU
		{F15E738E-6692-4AF9-9967-2A05150B2057}.Release|Any CPU.ActiveCfg = Release|Any CPU
		{F15E738E-6692-4AF9-9967-2A05150B2057}.Release|Any CPU.Build.0 = Release|Any CPU
		{F15E738E-6692-4AF9-9967-2A05150B2057}.Release|x64.ActiveCfg = Release|Any CPU
		{F15E738E-6692-4AF9-9967-2A05150B2057}.Release|x64.Build.0 = Release|Any CPU
		{F15E738E-6692-4AF9-9967-2A05150B2057}.Release|x86.ActiveCfg = Release|Any CPU
		{F15E738E-6692-4AF9-9967-2A05150B2057}.Release|x86.Build.0 = Release|Any CPU
		{F0F0F379-0E46-4367-BCD8-BC5417CABE84}.Debug|Any CPU.ActiveCfg = Debug|Any CPU
		{F0F0F379-0E46-4367-BCD8-BC5417CABE84}.Debug|Any CPU.Build.0 = Debug|Any CPU
		{F0F0F379-0E46-4367-BCD8-BC5417CABE84}.Debug|x64.ActiveCfg = Debug|Any CPU
		{F0F0F379-0E46-4367-BCD8-BC5417CABE84}.Debug|x64.Build.0 = Debug|Any CPU
		{F0F0F379-0E46-4367-BCD8-BC5417CABE84}.Debug|x86.ActiveCfg = Debug|Any CPU
		{F0F0F379-0E46-4367-BCD8-BC5417CABE84}.Debug|x86.Build.0 = Debug|Any CPU
		{F0F0F379-0E46-4367-BCD8-BC5417CABE84}.Release|Any CPU.ActiveCfg = Release|Any CPU
		{F0F0F379-0E46-4367-BCD8-BC5417CABE84}.Release|Any CPU.Build.0 = Release|Any CPU
		{F0F0F379-0E46-4367-BCD8-BC5417CABE84}.Release|x64.ActiveCfg = Release|Any CPU
		{F0F0F379-0E46-4367-BCD8-BC5417CABE84}.Release|x64.Build.0 = Release|Any CPU
		{F0F0F379-0E46-4367-BCD8-BC5417CABE84}.Release|x86.ActiveCfg = Release|Any CPU
		{F0F0F379-0E46-4367-BCD8-BC5417CABE84}.Release|x86.Build.0 = Release|Any CPU
		{5823AC59-3331-4306-85ED-2D1DE6BE6C86}.Debug|Any CPU.ActiveCfg = Debug|Any CPU
		{5823AC59-3331-4306-85ED-2D1DE6BE6C86}.Debug|Any CPU.Build.0 = Debug|Any CPU
		{5823AC59-3331-4306-85ED-2D1DE6BE6C86}.Debug|x64.ActiveCfg = Debug|Any CPU
		{5823AC59-3331-4306-85ED-2D1DE6BE6C86}.Debug|x64.Build.0 = Debug|Any CPU
		{5823AC59-3331-4306-85ED-2D1DE6BE6C86}.Debug|x86.ActiveCfg = Debug|Any CPU
		{5823AC59-3331-4306-85ED-2D1DE6BE6C86}.Debug|x86.Build.0 = Debug|Any CPU
		{5823AC59-3331-4306-85ED-2D1DE6BE6C86}.Release|Any CPU.ActiveCfg = Release|Any CPU
		{5823AC59-3331-4306-85ED-2D1DE6BE6C86}.Release|Any CPU.Build.0 = Release|Any CPU
		{5823AC59-3331-4306-85ED-2D1DE6BE6C86}.Release|x64.ActiveCfg = Release|Any CPU
		{5823AC59-3331-4306-85ED-2D1DE6BE6C86}.Release|x64.Build.0 = Release|Any CPU
		{5823AC59-3331-4306-85ED-2D1DE6BE6C86}.Release|x86.ActiveCfg = Release|Any CPU
		{5823AC59-3331-4306-85ED-2D1DE6BE6C86}.Release|x86.Build.0 = Release|Any CPU
		{884E77A3-DA4F-4D0E-B407-24D7C4DF52B6}.Debug|Any CPU.ActiveCfg = Debug|Any CPU
		{884E77A3-DA4F-4D0E-B407-24D7C4DF52B6}.Debug|Any CPU.Build.0 = Debug|Any CPU
		{884E77A3-DA4F-4D0E-B407-24D7C4DF52B6}.Debug|x64.ActiveCfg = Debug|Any CPU
		{884E77A3-DA4F-4D0E-B407-24D7C4DF52B6}.Debug|x64.Build.0 = Debug|Any CPU
		{884E77A3-DA4F-4D0E-B407-24D7C4DF52B6}.Debug|x86.ActiveCfg = Debug|Any CPU
		{884E77A3-DA4F-4D0E-B407-24D7C4DF52B6}.Debug|x86.Build.0 = Debug|Any CPU
		{884E77A3-DA4F-4D0E-B407-24D7C4DF52B6}.Release|Any CPU.ActiveCfg = Release|Any CPU
		{884E77A3-DA4F-4D0E-B407-24D7C4DF52B6}.Release|Any CPU.Build.0 = Release|Any CPU
		{884E77A3-DA4F-4D0E-B407-24D7C4DF52B6}.Release|x64.ActiveCfg = Release|Any CPU
		{884E77A3-DA4F-4D0E-B407-24D7C4DF52B6}.Release|x64.Build.0 = Release|Any CPU
		{884E77A3-DA4F-4D0E-B407-24D7C4DF52B6}.Release|x86.ActiveCfg = Release|Any CPU
		{884E77A3-DA4F-4D0E-B407-24D7C4DF52B6}.Release|x86.Build.0 = Release|Any CPU
		{A76CC349-F9DC-472D-AF11-8F83C00D3982}.Debug|Any CPU.ActiveCfg = Debug|Any CPU
		{A76CC349-F9DC-472D-AF11-8F83C00D3982}.Debug|Any CPU.Build.0 = Debug|Any CPU
		{A76CC349-F9DC-472D-AF11-8F83C00D3982}.Debug|x64.ActiveCfg = Debug|Any CPU
		{A76CC349-F9DC-472D-AF11-8F83C00D3982}.Debug|x64.Build.0 = Debug|Any CPU
		{A76CC349-F9DC-472D-AF11-8F83C00D3982}.Debug|x86.ActiveCfg = Debug|Any CPU
		{A76CC349-F9DC-472D-AF11-8F83C00D3982}.Debug|x86.Build.0 = Debug|Any CPU
		{A76CC349-F9DC-472D-AF11-8F83C00D3982}.Release|Any CPU.ActiveCfg = Release|Any CPU
		{A76CC349-F9DC-472D-AF11-8F83C00D3982}.Release|Any CPU.Build.0 = Release|Any CPU
		{A76CC349-F9DC-472D-AF11-8F83C00D3982}.Release|x64.ActiveCfg = Release|Any CPU
		{A76CC349-F9DC-472D-AF11-8F83C00D3982}.Release|x64.Build.0 = Release|Any CPU
		{A76CC349-F9DC-472D-AF11-8F83C00D3982}.Release|x86.ActiveCfg = Release|Any CPU
		{A76CC349-F9DC-472D-AF11-8F83C00D3982}.Release|x86.Build.0 = Release|Any CPU
		{47BF267F-53B2-4B51-A72B-195112D5EA23}.Debug|Any CPU.ActiveCfg = Debug|Any CPU
		{47BF267F-53B2-4B51-A72B-195112D5EA23}.Debug|Any CPU.Build.0 = Debug|Any CPU
		{47BF267F-53B2-4B51-A72B-195112D5EA23}.Debug|x64.ActiveCfg = Debug|Any CPU
		{47BF267F-53B2-4B51-A72B-195112D5EA23}.Debug|x64.Build.0 = Debug|Any CPU
		{47BF267F-53B2-4B51-A72B-195112D5EA23}.Debug|x86.ActiveCfg = Debug|Any CPU
		{47BF267F-53B2-4B51-A72B-195112D5EA23}.Debug|x86.Build.0 = Debug|Any CPU
		{47BF267F-53B2-4B51-A72B-195112D5EA23}.Release|Any CPU.ActiveCfg = Release|Any CPU
		{47BF267F-53B2-4B51-A72B-195112D5EA23}.Release|Any CPU.Build.0 = Release|Any CPU
		{47BF267F-53B2-4B51-A72B-195112D5EA23}.Release|x64.ActiveCfg = Release|Any CPU
		{47BF267F-53B2-4B51-A72B-195112D5EA23}.Release|x64.Build.0 = Release|Any CPU
		{47BF267F-53B2-4B51-A72B-195112D5EA23}.Release|x86.ActiveCfg = Release|Any CPU
		{47BF267F-53B2-4B51-A72B-195112D5EA23}.Release|x86.Build.0 = Release|Any CPU
		{5D7B1058-A59B-4A01-A731-DBCD3A02C02B}.Debug|Any CPU.ActiveCfg = Debug|Any CPU
		{5D7B1058-A59B-4A01-A731-DBCD3A02C02B}.Debug|Any CPU.Build.0 = Debug|Any CPU
		{5D7B1058-A59B-4A01-A731-DBCD3A02C02B}.Debug|x64.ActiveCfg = Debug|Any CPU
		{5D7B1058-A59B-4A01-A731-DBCD3A02C02B}.Debug|x64.Build.0 = Debug|Any CPU
		{5D7B1058-A59B-4A01-A731-DBCD3A02C02B}.Debug|x86.ActiveCfg = Debug|Any CPU
		{5D7B1058-A59B-4A01-A731-DBCD3A02C02B}.Debug|x86.Build.0 = Debug|Any CPU
		{5D7B1058-A59B-4A01-A731-DBCD3A02C02B}.Release|Any CPU.ActiveCfg = Release|Any CPU
		{5D7B1058-A59B-4A01-A731-DBCD3A02C02B}.Release|Any CPU.Build.0 = Release|Any CPU
		{5D7B1058-A59B-4A01-A731-DBCD3A02C02B}.Release|x64.ActiveCfg = Release|Any CPU
		{5D7B1058-A59B-4A01-A731-DBCD3A02C02B}.Release|x64.Build.0 = Release|Any CPU
		{5D7B1058-A59B-4A01-A731-DBCD3A02C02B}.Release|x86.ActiveCfg = Release|Any CPU
		{5D7B1058-A59B-4A01-A731-DBCD3A02C02B}.Release|x86.Build.0 = Release|Any CPU
		{A3FD0A02-98F7-40BE-88C8-D84B293746C5}.Debug|Any CPU.ActiveCfg = Debug|Any CPU
		{A3FD0A02-98F7-40BE-88C8-D84B293746C5}.Debug|Any CPU.Build.0 = Debug|Any CPU
		{A3FD0A02-98F7-40BE-88C8-D84B293746C5}.Debug|x64.ActiveCfg = Debug|Any CPU
		{A3FD0A02-98F7-40BE-88C8-D84B293746C5}.Debug|x64.Build.0 = Debug|Any CPU
		{A3FD0A02-98F7-40BE-88C8-D84B293746C5}.Debug|x86.ActiveCfg = Debug|Any CPU
		{A3FD0A02-98F7-40BE-88C8-D84B293746C5}.Debug|x86.Build.0 = Debug|Any CPU
		{A3FD0A02-98F7-40BE-88C8-D84B293746C5}.Release|Any CPU.ActiveCfg = Release|Any CPU
		{A3FD0A02-98F7-40BE-88C8-D84B293746C5}.Release|Any CPU.Build.0 = Release|Any CPU
		{A3FD0A02-98F7-40BE-88C8-D84B293746C5}.Release|x64.ActiveCfg = Release|Any CPU
		{A3FD0A02-98F7-40BE-88C8-D84B293746C5}.Release|x64.Build.0 = Release|Any CPU
		{A3FD0A02-98F7-40BE-88C8-D84B293746C5}.Release|x86.ActiveCfg = Release|Any CPU
		{A3FD0A02-98F7-40BE-88C8-D84B293746C5}.Release|x86.Build.0 = Release|Any CPU
		{B8E1C2D3-4F5A-6B7C-8D9E-0A1B2C3D4E5F}.Debug|Any CPU.ActiveCfg = Debug|Any CPU
		{B8E1C2D3-4F5A-6B7C-8D9E-0A1B2C3D4E5F}.Debug|Any CPU.Build.0 = Debug|Any CPU
		{B8E1C2D3-4F5A-6B7C-8D9E-0A1B2C3D4E5F}.Debug|x64.ActiveCfg = Debug|Any CPU
		{B8E1C2D3-4F5A-6B7C-8D9E-0A1B2C3D4E5F}.Debug|x64.Build.0 = Debug|Any CPU
		{B8E1C2D3-4F5A-6B7C-8D9E-0A1B2C3D4E5F}.Debug|x86.ActiveCfg = Debug|Any CPU
		{B8E1C2D3-4F5A-6B7C-8D9E-0A1B2C3D4E5F}.Debug|x86.Build.0 = Debug|Any CPU
		{B8E1C2D3-4F5A-6B7C-8D9E-0A1B2C3D4E5F}.Release|Any CPU.ActiveCfg = Release|Any CPU
		{B8E1C2D3-4F5A-6B7C-8D9E-0A1B2C3D4E5F}.Release|Any CPU.Build.0 = Release|Any CPU
		{B8E1C2D3-4F5A-6B7C-8D9E-0A1B2C3D4E5F}.Release|x64.ActiveCfg = Release|Any CPU
		{B8E1C2D3-4F5A-6B7C-8D9E-0A1B2C3D4E5F}.Release|x64.Build.0 = Release|Any CPU
		{B8E1C2D3-4F5A-6B7C-8D9E-0A1B2C3D4E5F}.Release|x86.ActiveCfg = Release|Any CPU
		{B8E1C2D3-4F5A-6B7C-8D9E-0A1B2C3D4E5F}.Release|x86.Build.0 = Release|Any CPU
		{A223AC88-2E1C-4C30-A920-F596F239DA1A}.Debug|Any CPU.ActiveCfg = Debug|Any CPU
		{A223AC88-2E1C-4C30-A920-F596F239DA1A}.Debug|Any CPU.Build.0 = Debug|Any CPU
		{A223AC88-2E1C-4C30-A920-F596F239DA1A}.Debug|x64.ActiveCfg = Debug|Any CPU
		{A223AC88-2E1C-4C30-A920-F596F239DA1A}.Debug|x64.Build.0 = Debug|Any CPU
		{A223AC88-2E1C-4C30-A920-F596F239DA1A}.Debug|x86.ActiveCfg = Debug|Any CPU
		{A223AC88-2E1C-4C30-A920-F596F239DA1A}.Debug|x86.Build.0 = Debug|Any CPU
		{A223AC88-2E1C-4C30-A920-F596F239DA1A}.Release|Any CPU.ActiveCfg = Release|Any CPU
		{A223AC88-2E1C-4C30-A920-F596F239DA1A}.Release|Any CPU.Build.0 = Release|Any CPU
		{A223AC88-2E1C-4C30-A920-F596F239DA1A}.Release|x64.ActiveCfg = Release|Any CPU
		{A223AC88-2E1C-4C30-A920-F596F239DA1A}.Release|x64.Build.0 = Release|Any CPU
		{A223AC88-2E1C-4C30-A920-F596F239DA1A}.Release|x86.ActiveCfg = Release|Any CPU
		{A223AC88-2E1C-4C30-A920-F596F239DA1A}.Release|x86.Build.0 = Release|Any CPU
		{5E6EE901-D13D-4BAD-A7F4-17CA74CCA967}.Debug|Any CPU.ActiveCfg = Debug|Any CPU
		{5E6EE901-D13D-4BAD-A7F4-17CA74CCA967}.Debug|Any CPU.Build.0 = Debug|Any CPU
		{5E6EE901-D13D-4BAD-A7F4-17CA74CCA967}.Debug|x64.ActiveCfg = Debug|Any CPU
		{5E6EE901-D13D-4BAD-A7F4-17CA74CCA967}.Debug|x64.Build.0 = Debug|Any CPU
		{5E6EE901-D13D-4BAD-A7F4-17CA74CCA967}.Debug|x86.ActiveCfg = Debug|Any CPU
		{5E6EE901-D13D-4BAD-A7F4-17CA74CCA967}.Debug|x86.Build.0 = Debug|Any CPU
		{5E6EE901-D13D-4BAD-A7F4-17CA74CCA967}.Release|Any CPU.ActiveCfg = Release|Any CPU
		{5E6EE901-D13D-4BAD-A7F4-17CA74CCA967}.Release|Any CPU.Build.0 = Release|Any CPU
		{5E6EE901-D13D-4BAD-A7F4-17CA74CCA967}.Release|x64.ActiveCfg = Release|Any CPU
		{5E6EE901-D13D-4BAD-A7F4-17CA74CCA967}.Release|x64.Build.0 = Release|Any CPU
		{5E6EE901-D13D-4BAD-A7F4-17CA74CCA967}.Release|x86.ActiveCfg = Release|Any CPU
		{5E6EE901-D13D-4BAD-A7F4-17CA74CCA967}.Release|x86.Build.0 = Release|Any CPU
		{1A2B3C4D-5E6F-7A8B-9C0D-1E2F3A4B5C6D}.Debug|Any CPU.ActiveCfg = Debug|Any CPU
		{1A2B3C4D-5E6F-7A8B-9C0D-1E2F3A4B5C6D}.Debug|Any CPU.Build.0 = Debug|Any CPU
		{1A2B3C4D-5E6F-7A8B-9C0D-1E2F3A4B5C6D}.Debug|x64.ActiveCfg = Debug|Any CPU
		{1A2B3C4D-5E6F-7A8B-9C0D-1E2F3A4B5C6D}.Debug|x64.Build.0 = Debug|Any CPU
		{1A2B3C4D-5E6F-7A8B-9C0D-1E2F3A4B5C6D}.Debug|x86.ActiveCfg = Debug|Any CPU
		{1A2B3C4D-5E6F-7A8B-9C0D-1E2F3A4B5C6D}.Debug|x86.Build.0 = Debug|Any CPU
		{1A2B3C4D-5E6F-7A8B-9C0D-1E2F3A4B5C6D}.Release|Any CPU.ActiveCfg = Release|Any CPU
		{1A2B3C4D-5E6F-7A8B-9C0D-1E2F3A4B5C6D}.Release|Any CPU.Build.0 = Release|Any CPU
		{1A2B3C4D-5E6F-7A8B-9C0D-1E2F3A4B5C6D}.Release|x64.ActiveCfg = Release|Any CPU
		{1A2B3C4D-5E6F-7A8B-9C0D-1E2F3A4B5C6D}.Release|x64.Build.0 = Release|Any CPU
		{1A2B3C4D-5E6F-7A8B-9C0D-1E2F3A4B5C6D}.Release|x86.ActiveCfg = Release|Any CPU
		{1A2B3C4D-5E6F-7A8B-9C0D-1E2F3A4B5C6D}.Release|x86.Build.0 = Release|Any CPU
		{2B3C4D5E-6F7A-8B9C-0D1E-2F3A4B5C6D7E}.Debug|Any CPU.ActiveCfg = Debug|Any CPU
		{2B3C4D5E-6F7A-8B9C-0D1E-2F3A4B5C6D7E}.Debug|Any CPU.Build.0 = Debug|Any CPU
		{2B3C4D5E-6F7A-8B9C-0D1E-2F3A4B5C6D7E}.Debug|x64.ActiveCfg = Debug|Any CPU
		{2B3C4D5E-6F7A-8B9C-0D1E-2F3A4B5C6D7E}.Debug|x64.Build.0 = Debug|Any CPU
		{2B3C4D5E-6F7A-8B9C-0D1E-2F3A4B5C6D7E}.Debug|x86.ActiveCfg = Debug|Any CPU
		{2B3C4D5E-6F7A-8B9C-0D1E-2F3A4B5C6D7E}.Debug|x86.Build.0 = Debug|Any CPU
		{2B3C4D5E-6F7A-8B9C-0D1E-2F3A4B5C6D7E}.Release|Any CPU.ActiveCfg = Release|Any CPU
		{2B3C4D5E-6F7A-8B9C-0D1E-2F3A4B5C6D7E}.Release|Any CPU.Build.0 = Release|Any CPU
		{2B3C4D5E-6F7A-8B9C-0D1E-2F3A4B5C6D7E}.Release|x64.ActiveCfg = Release|Any CPU
		{2B3C4D5E-6F7A-8B9C-0D1E-2F3A4B5C6D7E}.Release|x64.Build.0 = Release|Any CPU
		{2B3C4D5E-6F7A-8B9C-0D1E-2F3A4B5C6D7E}.Release|x86.ActiveCfg = Release|Any CPU
		{2B3C4D5E-6F7A-8B9C-0D1E-2F3A4B5C6D7E}.Release|x86.Build.0 = Release|Any CPU
		{0921406A-BC62-46ED-8286-D8F3D67FEBE2}.Debug|Any CPU.ActiveCfg = Debug|Any CPU
		{0921406A-BC62-46ED-8286-D8F3D67FEBE2}.Debug|Any CPU.Build.0 = Debug|Any CPU
		{0921406A-BC62-46ED-8286-D8F3D67FEBE2}.Debug|x64.ActiveCfg = Debug|Any CPU
		{0921406A-BC62-46ED-8286-D8F3D67FEBE2}.Debug|x64.Build.0 = Debug|Any CPU
		{0921406A-BC62-46ED-8286-D8F3D67FEBE2}.Debug|x86.ActiveCfg = Debug|Any CPU
		{0921406A-BC62-46ED-8286-D8F3D67FEBE2}.Debug|x86.Build.0 = Debug|Any CPU
		{0921406A-BC62-46ED-8286-D8F3D67FEBE2}.Release|Any CPU.ActiveCfg = Release|Any CPU
		{0921406A-BC62-46ED-8286-D8F3D67FEBE2}.Release|Any CPU.Build.0 = Release|Any CPU
		{0921406A-BC62-46ED-8286-D8F3D67FEBE2}.Release|x64.ActiveCfg = Release|Any CPU
		{0921406A-BC62-46ED-8286-D8F3D67FEBE2}.Release|x64.Build.0 = Release|Any CPU
		{0921406A-BC62-46ED-8286-D8F3D67FEBE2}.Release|x86.ActiveCfg = Release|Any CPU
		{0921406A-BC62-46ED-8286-D8F3D67FEBE2}.Release|x86.Build.0 = Release|Any CPU
		{3C4D5E6F-7A8B-9C0D-1E2F-3A4B5C6D7E8F}.Debug|Any CPU.ActiveCfg = Debug|Any CPU
		{3C4D5E6F-7A8B-9C0D-1E2F-3A4B5C6D7E8F}.Debug|Any CPU.Build.0 = Debug|Any CPU
		{3C4D5E6F-7A8B-9C0D-1E2F-3A4B5C6D7E8F}.Debug|x64.ActiveCfg = Debug|Any CPU
		{3C4D5E6F-7A8B-9C0D-1E2F-3A4B5C6D7E8F}.Debug|x64.Build.0 = Debug|Any CPU
		{3C4D5E6F-7A8B-9C0D-1E2F-3A4B5C6D7E8F}.Debug|x86.ActiveCfg = Debug|Any CPU
		{3C4D5E6F-7A8B-9C0D-1E2F-3A4B5C6D7E8F}.Debug|x86.Build.0 = Debug|Any CPU
		{3C4D5E6F-7A8B-9C0D-1E2F-3A4B5C6D7E8F}.Release|Any CPU.ActiveCfg = Release|Any CPU
		{3C4D5E6F-7A8B-9C0D-1E2F-3A4B5C6D7E8F}.Release|Any CPU.Build.0 = Release|Any CPU
		{3C4D5E6F-7A8B-9C0D-1E2F-3A4B5C6D7E8F}.Release|x64.ActiveCfg = Release|Any CPU
		{3C4D5E6F-7A8B-9C0D-1E2F-3A4B5C6D7E8F}.Release|x64.Build.0 = Release|Any CPU
		{3C4D5E6F-7A8B-9C0D-1E2F-3A4B5C6D7E8F}.Release|x86.ActiveCfg = Release|Any CPU
		{3C4D5E6F-7A8B-9C0D-1E2F-3A4B5C6D7E8F}.Release|x86.Build.0 = Release|Any CPU
		{D88549BF-71F5-4C87-886D-4888CE752F36}.Debug|Any CPU.ActiveCfg = Debug|Any CPU
		{D88549BF-71F5-4C87-886D-4888CE752F36}.Debug|Any CPU.Build.0 = Debug|Any CPU
		{D88549BF-71F5-4C87-886D-4888CE752F36}.Debug|x64.ActiveCfg = Debug|Any CPU
		{D88549BF-71F5-4C87-886D-4888CE752F36}.Debug|x64.Build.0 = Debug|Any CPU
		{D88549BF-71F5-4C87-886D-4888CE752F36}.Debug|x86.ActiveCfg = Debug|Any CPU
		{D88549BF-71F5-4C87-886D-4888CE752F36}.Debug|x86.Build.0 = Debug|Any CPU
		{D88549BF-71F5-4C87-886D-4888CE752F36}.Release|Any CPU.ActiveCfg = Release|Any CPU
		{D88549BF-71F5-4C87-886D-4888CE752F36}.Release|Any CPU.Build.0 = Release|Any CPU
		{D88549BF-71F5-4C87-886D-4888CE752F36}.Release|x64.ActiveCfg = Release|Any CPU
		{D88549BF-71F5-4C87-886D-4888CE752F36}.Release|x64.Build.0 = Release|Any CPU
		{D88549BF-71F5-4C87-886D-4888CE752F36}.Release|x86.ActiveCfg = Release|Any CPU
		{D88549BF-71F5-4C87-886D-4888CE752F36}.Release|x86.Build.0 = Release|Any CPU
		{CA1FC471-34D2-4BE7-8EBE-811735BCCBD1}.Debug|Any CPU.ActiveCfg = Debug|Any CPU
		{CA1FC471-34D2-4BE7-8EBE-811735BCCBD1}.Debug|Any CPU.Build.0 = Debug|Any CPU
		{CA1FC471-34D2-4BE7-8EBE-811735BCCBD1}.Debug|x64.ActiveCfg = Debug|Any CPU
		{CA1FC471-34D2-4BE7-8EBE-811735BCCBD1}.Debug|x64.Build.0 = Debug|Any CPU
		{CA1FC471-34D2-4BE7-8EBE-811735BCCBD1}.Debug|x86.ActiveCfg = Debug|Any CPU
		{CA1FC471-34D2-4BE7-8EBE-811735BCCBD1}.Debug|x86.Build.0 = Debug|Any CPU
		{CA1FC471-34D2-4BE7-8EBE-811735BCCBD1}.Release|Any CPU.ActiveCfg = Release|Any CPU
		{CA1FC471-34D2-4BE7-8EBE-811735BCCBD1}.Release|Any CPU.Build.0 = Release|Any CPU
		{CA1FC471-34D2-4BE7-8EBE-811735BCCBD1}.Release|x64.ActiveCfg = Release|Any CPU
		{CA1FC471-34D2-4BE7-8EBE-811735BCCBD1}.Release|x64.Build.0 = Release|Any CPU
		{CA1FC471-34D2-4BE7-8EBE-811735BCCBD1}.Release|x86.ActiveCfg = Release|Any CPU
		{CA1FC471-34D2-4BE7-8EBE-811735BCCBD1}.Release|x86.Build.0 = Release|Any CPU
		{32518C53-C53F-49C4-BF76-FE34A32EB558}.Debug|Any CPU.ActiveCfg = Debug|Any CPU
		{32518C53-C53F-49C4-BF76-FE34A32EB558}.Debug|Any CPU.Build.0 = Debug|Any CPU
		{32518C53-C53F-49C4-BF76-FE34A32EB558}.Debug|x64.ActiveCfg = Debug|Any CPU
		{32518C53-C53F-49C4-BF76-FE34A32EB558}.Debug|x64.Build.0 = Debug|Any CPU
		{32518C53-C53F-49C4-BF76-FE34A32EB558}.Debug|x86.ActiveCfg = Debug|Any CPU
		{32518C53-C53F-49C4-BF76-FE34A32EB558}.Debug|x86.Build.0 = Debug|Any CPU
		{32518C53-C53F-49C4-BF76-FE34A32EB558}.Release|Any CPU.ActiveCfg = Release|Any CPU
		{32518C53-C53F-49C4-BF76-FE34A32EB558}.Release|Any CPU.Build.0 = Release|Any CPU
		{32518C53-C53F-49C4-BF76-FE34A32EB558}.Release|x64.ActiveCfg = Release|Any CPU
		{32518C53-C53F-49C4-BF76-FE34A32EB558}.Release|x64.Build.0 = Release|Any CPU
		{32518C53-C53F-49C4-BF76-FE34A32EB558}.Release|x86.ActiveCfg = Release|Any CPU
		{32518C53-C53F-49C4-BF76-FE34A32EB558}.Release|x86.Build.0 = Release|Any CPU
		{30762A5C-8ECD-466C-9CC8-FAA62871127C}.Debug|Any CPU.ActiveCfg = Debug|Any CPU
		{30762A5C-8ECD-466C-9CC8-FAA62871127C}.Debug|Any CPU.Build.0 = Debug|Any CPU
		{30762A5C-8ECD-466C-9CC8-FAA62871127C}.Debug|x64.ActiveCfg = Debug|Any CPU
		{30762A5C-8ECD-466C-9CC8-FAA62871127C}.Debug|x64.Build.0 = Debug|Any CPU
		{30762A5C-8ECD-466C-9CC8-FAA62871127C}.Debug|x86.ActiveCfg = Debug|Any CPU
		{30762A5C-8ECD-466C-9CC8-FAA62871127C}.Debug|x86.Build.0 = Debug|Any CPU
		{30762A5C-8ECD-466C-9CC8-FAA62871127C}.Release|Any CPU.ActiveCfg = Release|Any CPU
		{30762A5C-8ECD-466C-9CC8-FAA62871127C}.Release|Any CPU.Build.0 = Release|Any CPU
		{30762A5C-8ECD-466C-9CC8-FAA62871127C}.Release|x64.ActiveCfg = Release|Any CPU
		{30762A5C-8ECD-466C-9CC8-FAA62871127C}.Release|x64.Build.0 = Release|Any CPU
		{30762A5C-8ECD-466C-9CC8-FAA62871127C}.Release|x86.ActiveCfg = Release|Any CPU
		{30762A5C-8ECD-466C-9CC8-FAA62871127C}.Release|x86.Build.0 = Release|Any CPU
	EndGlobalSection
	GlobalSection(SolutionProperties) = preSolution
		HideSolutionNode = FALSE
	EndGlobalSection
	GlobalSection(NestedProjects) = preSolution
		{C9D9EDD2-59C7-4942-B8CD-AD3057F5411B} = {827E0CD3-B72D-47B6-A68D-7590B98EB39B}
		{81BAD1F6-08B5-429A-B3A5-94B5E2BDC278} = {827E0CD3-B72D-47B6-A68D-7590B98EB39B}
		{13C435E4-3D6E-481E-ACAE-DF64F0DC685B} = {827E0CD3-B72D-47B6-A68D-7590B98EB39B}
		{D540B095-19A9-4BE4-A3E9-EF0FF5DC7771} = {827E0CD3-B72D-47B6-A68D-7590B98EB39B}
		{EF99CE70-60E1-47A9-A8F6-96281E8D38CF} = {827E0CD3-B72D-47B6-A68D-7590B98EB39B}
		{7A409899-7DC3-4F10-B6AC-6F700B2813F9} = {827E0CD3-B72D-47B6-A68D-7590B98EB39B}
		{A2A13CD1-C3D9-498C-9C76-66AEF076B497} = {827E0CD3-B72D-47B6-A68D-7590B98EB39B}
		{E122E976-BD0B-4753-BC73-E06B6ED6BBEF} = {827E0CD3-B72D-47B6-A68D-7590B98EB39B}
		{A2C5A374-071D-4A66-8868-16771A08F602} = {827E0CD3-B72D-47B6-A68D-7590B98EB39B}
		{83DAF7B8-FDB0-40DB-82D0-024352E41708} = {827E0CD3-B72D-47B6-A68D-7590B98EB39B}
		{D55E35C1-AE17-4700-AF3D-E4F7955D83CA} = {827E0CD3-B72D-47B6-A68D-7590B98EB39B}
		{C2369561-DC18-4290-B714-F001C14B1390} = {827E0CD3-B72D-47B6-A68D-7590B98EB39B}
		{F15E738E-6692-4AF9-9967-2A05150B2057} = {827E0CD3-B72D-47B6-A68D-7590B98EB39B}
		{F0F0F379-0E46-4367-BCD8-BC5417CABE84} = {827E0CD3-B72D-47B6-A68D-7590B98EB39B}
		{5823AC59-3331-4306-85ED-2D1DE6BE6C86} = {827E0CD3-B72D-47B6-A68D-7590B98EB39B}
		{884E77A3-DA4F-4D0E-B407-24D7C4DF52B6} = {827E0CD3-B72D-47B6-A68D-7590B98EB39B}
		{A76CC349-F9DC-472D-AF11-8F83C00D3982} = {827E0CD3-B72D-47B6-A68D-7590B98EB39B}
		{47BF267F-53B2-4B51-A72B-195112D5EA23} = {827E0CD3-B72D-47B6-A68D-7590B98EB39B}
		{5D7B1058-A59B-4A01-A731-DBCD3A02C02B} = {827E0CD3-B72D-47B6-A68D-7590B98EB39B}
		{A3FD0A02-98F7-40BE-88C8-D84B293746C5} = {827E0CD3-B72D-47B6-A68D-7590B98EB39B}
		{B8E1C2D3-4F5A-6B7C-8D9E-0A1B2C3D4E5F} = {827E0CD3-B72D-47B6-A68D-7590B98EB39B}
		{A223AC88-2E1C-4C30-A920-F596F239DA1A} = {827E0CD3-B72D-47B6-A68D-7590B98EB39B}
		{5E6EE901-D13D-4BAD-A7F4-17CA74CCA967} = {827E0CD3-B72D-47B6-A68D-7590B98EB39B}
		{1A2B3C4D-5E6F-7A8B-9C0D-1E2F3A4B5C6D} = {827E0CD3-B72D-47B6-A68D-7590B98EB39B}
		{2B3C4D5E-6F7A-8B9C-0D1E-2F3A4B5C6D7E} = {827E0CD3-B72D-47B6-A68D-7590B98EB39B}
		{0921406A-BC62-46ED-8286-D8F3D67FEBE2} = {827E0CD3-B72D-47B6-A68D-7590B98EB39B}
		{3C4D5E6F-7A8B-9C0D-1E2F-3A4B5C6D7E8F} = {827E0CD3-B72D-47B6-A68D-7590B98EB39B}
		{D88549BF-71F5-4C87-886D-4888CE752F36} = {827E0CD3-B72D-47B6-A68D-7590B98EB39B}
		{CA1FC471-34D2-4BE7-8EBE-811735BCCBD1} = {827E0CD3-B72D-47B6-A68D-7590B98EB39B}
		{32518C53-C53F-49C4-BF76-FE34A32EB558} = {827E0CD3-B72D-47B6-A68D-7590B98EB39B}
		{30762A5C-8ECD-466C-9CC8-FAA62871127C} = {827E0CD3-B72D-47B6-A68D-7590B98EB39B}
	EndGlobalSection
EndGlobal
